lockfileVersion: '9.0'

settings:
  autoInstallPeers: true
  excludeLinksFromLockfile: false

importers:

  .:
    dependencies:
      '@effect/platform':
        specifier: ^0.64.0
        version: 0.64.0(@effect/schema@0.72.3(effect@3.7.2))(effect@3.7.2)
      '@effect/schema':
        specifier: ^0.72.3
        version: 0.72.3(effect@3.7.2)
      '@effect/sql':
        specifier: ^0.11.1
        version: 0.11.1(@effect/experimental@0.25.1(@effect/platform@0.64.0(@effect/schema@0.72.3(effect@3.7.2))(effect@3.7.2))(@effect/schema@0.72.3(effect@3.7.2))(effect@3.7.2))(@effect/platform@0.64.0(@effect/schema@0.72.3(effect@3.7.2))(effect@3.7.2))(@effect/schema@0.72.3(effect@3.7.2))(effect@3.7.2)
      effect:
        specifier: ^3.7.2
        version: 3.7.2
      uuid:
        specifier: ^10.0.0
        version: 10.0.0
    devDependencies:
      '@types/uuid':
        specifier: ^10.0.0
        version: 10.0.0

packages:

  '@effect/experimental@0.25.1':
    resolution: {integrity: sha512-51iDBSLcDZ+7aK3r7EM+4j0GWY4DxyVcK2rcK8/zL7Fi3WItyGA3q3g2FnHZ2BeFTx1u+8RP1Af061iK/GQjUA==}
    peerDependencies:
      '@effect/platform': ^0.64.0
      '@effect/platform-node': ^0.59.0
      '@effect/schema': ^0.72.3
      effect: ^3.7.2
      ioredis: ^5
      lmdb: ^3
      ws: ^8
    peerDependenciesMeta:
      '@effect/platform-node':
        optional: true
      ioredis:
        optional: true
      lmdb:
        optional: true
      ws:
        optional: true

  '@effect/platform@0.64.0':
    resolution: {integrity: sha512-Q2gwiY69ka5OF29bsc+7ENjLQa4hiedJf7mjf/JKx3fFcvq1vRkyCB5+neVDCsDrEPHYAHLZyjur0AiiML2l7A==}
    peerDependencies:
      '@effect/schema': ^0.72.3
      effect: ^3.7.2

  '@effect/schema@0.72.3':
    resolution: {integrity: sha512-T1TV/8TMnEm5RSYQXOPmkqEWt8NfRd8E6FSJh9+eZ+jDc8bhAmh3K4J0BQZZcdqaftH21GdflAUbYScy8DZ71Q==}
    peerDependencies:
      effect: ^3.7.2

  '@effect/sql@0.11.1':
    resolution: {integrity: sha512-dQAsY9qBbTqpxpOXvB2sEYtI7aripI2WJZa5v1meWO9NiLuj2XK4Bw0MeHPqh6En6blIuLwK6HnA3Hyfmj5SMw==}
    peerDependencies:
      '@effect/experimental': ^0.25.1
      '@effect/platform': ^0.64.0
      '@effect/schema': ^0.72.3
      effect: ^3.7.2

  '@msgpackr-extract/msgpackr-extract-darwin-arm64@3.0.3':
    resolution: {integrity: sha512-QZHtlVgbAdy2zAqNA9Gu1UpIuI8Xvsd1v8ic6B2pZmeFnFcMWiPLfWXh7TVw4eGEZ/C9TH281KwhVoeQUKbyjw==}
    cpu: [arm64]
    os: [darwin]

  '@msgpackr-extract/msgpackr-extract-darwin-x64@3.0.3':
    resolution: {integrity: sha512-mdzd3AVzYKuUmiWOQ8GNhl64/IoFGol569zNRdkLReh6LRLHOXxU4U8eq0JwaD8iFHdVGqSy4IjFL4reoWCDFw==}
    cpu: [x64]
    os: [darwin]

  '@msgpackr-extract/msgpackr-extract-linux-arm64@3.0.3':
    resolution: {integrity: sha512-YxQL+ax0XqBJDZiKimS2XQaf+2wDGVa1enVRGzEvLLVFeqa5kx2bWbtcSXgsxjQB7nRqqIGFIcLteF/sHeVtQg==}
    cpu: [arm64]
    os: [linux]

  '@msgpackr-extract/msgpackr-extract-linux-arm@3.0.3':
    resolution: {integrity: sha512-fg0uy/dG/nZEXfYilKoRe7yALaNmHoYeIoJuJ7KJ+YyU2bvY8vPv27f7UKhGRpY6euFYqEVhxCFZgAUNQBM3nw==}
    cpu: [arm]
    os: [linux]

  '@msgpackr-extract/msgpackr-extract-linux-x64@3.0.3':
    resolution: {integrity: sha512-cvwNfbP07pKUfq1uH+S6KJ7dT9K8WOE4ZiAcsrSes+UY55E/0jLYc+vq+DO7jlmqRb5zAggExKm0H7O/CBaesg==}
    cpu: [x64]
    os: [linux]

  '@msgpackr-extract/msgpackr-extract-win32-x64@3.0.3':
    resolution: {integrity: sha512-x0fWaQtYp4E6sktbsdAqnehxDgEc/VwM7uLsRCYWaiGu0ykYdZPiS8zCWdnjHwyiumousxfBm4SO31eXqwEZhQ==}
    cpu: [x64]
    os: [win32]

  '@opentelemetry/semantic-conventions@1.27.0':
    resolution: {integrity: sha512-sAay1RrB+ONOem0OZanAR1ZI/k7yDpnOQSQmTMuGImUQb2y8EbSaCJ94FQluM74xoU03vlb2d2U90hZluL6nQg==}
    engines: {node: '>=14'}

  '@types/uuid@10.0.0':
    resolution: {integrity: sha512-7gqG38EyHgyP1S+7+xomFtL+ZNHcKv6DwNaCZmJmo1vgMugyF3TCnXVg4t1uk89mLNwnLtnY3TpOpCOyp1/xHQ==}

  detect-libc@2.0.3:
    resolution: {integrity: sha512-bwy0MGW55bG41VqxxypOsdSdGqLwXPI/focwgTYCFMbdUiBAxLg9CFzG08sz2aqzknwiX7Hkl0bQENjg8iLByw==}
    engines: {node: '>=8'}

  effect@3.7.2:
    resolution: {integrity: sha512-pV7l1+LSZFvVObj4zuy4nYiBaC7qZOfrKV6s/Ef4p3KueiQwZFgamazklwyZ+x7Nyj2etRDFvHE/xkThTfQD1w==}

  fast-check@3.22.0:
    resolution: {integrity: sha512-8HKz3qXqnHYp/VCNn2qfjHdAdcI8zcSqOyX64GOMukp7SL2bfzfeDKjSd+UyECtejccaZv3LcvZTm9YDD22iCQ==}
    engines: {node: '>=8.0.0'}

  find-my-way-ts@0.1.5:
    resolution: {integrity: sha512-4GOTMrpGQVzsCH2ruUn2vmwzV/02zF4q+ybhCIrw/Rkt3L8KWcycdC6aJMctJzwN4fXD4SD5F/4B9Sksh5rE0A==}

  msgpackr-extract@3.0.3:
    resolution: {integrity: sha512-P0efT1C9jIdVRefqjzOQ9Xml57zpOXnIuS+csaB4MdZbTdmGDLo8XhzBG1N7aO11gKDDkJvBLULeFTo46wwreA==}
    hasBin: true

  msgpackr@1.11.0:
    resolution: {integrity: sha512-I8qXuuALqJe5laEBYoFykChhSXLikZmUhccjGsPuSJ/7uPip2TJ7lwdIQwWSAi0jGZDXv4WOP8Qg65QZRuXxXw==}

  multipasta@0.2.5:
    resolution: {integrity: sha512-c8eMDb1WwZcE02WVjHoOmUVk7fnKU/RmUcosHACglrWAuPQsEJv+E8430sXj6jNc1jHw0zrS16aCjQh4BcEb4A==}

  node-gyp-build-optional-packages@5.2.2:
    resolution: {integrity: sha512-s+w+rBWnpTMwSFbaE0UXsRlg7hU4FjekKU4eyAih5T8nJuNZT1nNsskXpxmeqSK9UzkBl6UgRlnKc8hz8IEqOw==}
    hasBin: true

  pure-rand@6.1.0:
    resolution: {integrity: sha512-bVWawvoZoBYpp6yIoQtQXHZjmz35RSVHnUOTefl8Vcjr8snTPY1wnpSPMWekcFwbxI6gtmT7rSYPFvz71ldiOA==}

  uuid@10.0.0:
    resolution: {integrity: sha512-8XkAphELsDnEGrDxUOHB3RGvXz6TeuYSGEZBOjtTtPm2lwhGBjLgOzLHB63IUWfBpNucQjND6d3AOudO+H3RWQ==}
    hasBin: true

snapshots:

  '@effect/experimental@0.25.1(@effect/platform@0.64.0(@effect/schema@0.72.3(effect@3.7.2))(effect@3.7.2))(@effect/schema@0.72.3(effect@3.7.2))(effect@3.7.2)':
    dependencies:
      '@effect/platform': 0.64.0(@effect/schema@0.72.3(effect@3.7.2))(effect@3.7.2)
      '@effect/schema': 0.72.3(effect@3.7.2)
      effect: 3.7.2
      msgpackr: 1.11.0

  '@effect/platform@0.64.0(@effect/schema@0.72.3(effect@3.7.2))(effect@3.7.2)':
    dependencies:
      '@effect/schema': 0.72.3(effect@3.7.2)
      effect: 3.7.2
      find-my-way-ts: 0.1.5
      multipasta: 0.2.5

  '@effect/schema@0.72.3(effect@3.7.2)':
    dependencies:
      effect: 3.7.2
      fast-check: 3.22.0

  '@effect/sql@0.11.1(@effect/experimental@0.25.1(@effect/platform@0.64.0(@effect/schema@0.72.3(effect@3.7.2))(effect@3.7.2))(@effect/schema@0.72.3(effect@3.7.2))(effect@3.7.2))(@effect/platform@0.64.0(@effect/schema@0.72.3(effect@3.7.2))(effect@3.7.2))(@effect/schema@0.72.3(effect@3.7.2))(effect@3.7.2)':
    dependencies:
      '@effect/experimental': 0.25.1(@effect/platform@0.64.0(@effect/schema@0.72.3(effect@3.7.2))(effect@3.7.2))(@effect/schema@0.72.3(effect@3.7.2))(effect@3.7.2)
      '@effect/platform': 0.64.0(@effect/schema@0.72.3(effect@3.7.2))(effect@3.7.2)
      '@effect/schema': 0.72.3(effect@3.7.2)
      '@opentelemetry/semantic-conventions': 1.27.0
      effect: 3.7.2

  '@msgpackr-extract/msgpackr-extract-darwin-arm64@3.0.3':
    optional: true

  '@msgpackr-extract/msgpackr-extract-darwin-x64@3.0.3':
    optional: true

  '@msgpackr-extract/msgpackr-extract-linux-arm64@3.0.3':
    optional: true

  '@msgpackr-extract/msgpackr-extract-linux-arm@3.0.3':
    optional: true

  '@msgpackr-extract/msgpackr-extract-linux-x64@3.0.3':
    optional: true

  '@msgpackr-extract/msgpackr-extract-win32-x64@3.0.3':
    optional: true

  '@opentelemetry/semantic-conventions@1.27.0': {}

  '@types/uuid@10.0.0': {}

  detect-libc@2.0.3:
    optional: true

  effect@3.7.2: {}

  fast-check@3.22.0:
    dependencies:
      pure-rand: 6.1.0

  find-my-way-ts@0.1.5: {}

  msgpackr-extract@3.0.3:
    dependencies:
      node-gyp-build-optional-packages: 5.2.2
    optionalDependencies:
      '@msgpackr-extract/msgpackr-extract-darwin-arm64': 3.0.3
      '@msgpackr-extract/msgpackr-extract-darwin-x64': 3.0.3
      '@msgpackr-extract/msgpackr-extract-linux-arm': 3.0.3
      '@msgpackr-extract/msgpackr-extract-linux-arm64': 3.0.3
      '@msgpackr-extract/msgpackr-extract-linux-x64': 3.0.3
      '@msgpackr-extract/msgpackr-extract-win32-x64': 3.0.3
    optional: true

  msgpackr@1.11.0:
    optionalDependencies:
      msgpackr-extract: 3.0.3

  multipasta@0.2.5: {}

  node-gyp-build-optional-packages@5.2.2:
    dependencies:
      detect-libc: 2.0.3
    optional: true

  pure-rand@6.1.0: {}

  uuid@10.0.0: {}
